
Microsoft Visual Studio Solution File, Format Version 12.00
# Visual Studio Version 17
VisualStudioVersion = 17.14.36310.24 d17.14
MinimumVisualStudioVersion = 10.0.40219.1
Project("{FAE04EC0-301F-11D3-BF4B-00C04F79EFBC}") = "BackendMastery.ProdReadiness.Retries", "BackendMastery.ProdReadiness.Retries.csproj", "{82C6B1CA-D8C9-4038-BF95-B020872DA901}"
EndProject
Global
	GlobalSection(SolutionConfigurationPlatforms) = preSolution
		Debug|Any CPU = Debug|Any CPU
		Release|Any CPU = Release|Any CPU
	EndGlobalSection
	GlobalSection(ProjectConfigurationPlatforms) = postSolution
		{82C6B1CA-D8C9-4038-BF95-B020872DA901}.Debug|Any CPU.ActiveCfg = Debug|Any CPU
		{82C6B1CA-D8C9-4038-BF95-B020872DA901}.Debug|Any CPU.Build.0 = Debug|Any CPU
		{82C6B1CA-D8C9-4038-BF95-B020872DA901}.Release|Any CPU.ActiveCfg = Release|Any CPU
		{82C6B1CA-D8C9-4038-BF95-B020872DA901}.Release|Any CPU.Build.0 = Release|Any CPU
	EndGlobalSection
	GlobalSection(SolutionProperties) = preSolution
		HideSolutionNode = FALSE
	EndGlobalSection
	GlobalSection(ExtensibilityGlobals) = postSolution
		SolutionGuid = {54EC78F2-06A8-4C70-A12E-DC8CE547D358}
	EndGlobalSection
EndGlobal
