
Microsoft Visual Studio Solution File, Format Version 12.00
# Visual Studio Version 17
VisualStudioVersion = 17.14.36310.24 d17.14
MinimumVisualStudioVersion = 10.0.40219.1
Project("{FAE04EC0-301F-11D3-BF4B-00C04F79EFBC}") = "BackendMastery.ProdReadiness.ApiContracts", "BackendMastery.ProdReadiness.ApiContracts.csproj", "{98C5E75A-A670-4578-AB7B-3F343AF6250C}"
EndProject
Global
	GlobalSection(SolutionConfigurationPlatforms) = preSolution
		Debug|Any CPU = Debug|Any CPU
		Release|Any CPU = Release|Any CPU
	EndGlobalSection
	GlobalSection(ProjectConfigurationPlatforms) = postSolution
		{98C5E75A-A670-4578-AB7B-3F343AF6250C}.Debug|Any CPU.ActiveCfg = Debug|Any CPU
		{98C5E75A-A670-4578-AB7B-3F343AF6250C}.Debug|Any CPU.Build.0 = Debug|Any CPU
		{98C5E75A-A670-4578-AB7B-3F343AF6250C}.Release|Any CPU.ActiveCfg = Release|Any CPU
		{98C5E75A-A670-4578-AB7B-3F343AF6250C}.Release|Any CPU.Build.0 = Release|Any CPU
	EndGlobalSection
	GlobalSection(SolutionProperties) = preSolution
		HideSolutionNode = FALSE
	EndGlobalSection
	GlobalSection(ExtensibilityGlobals) = postSolution
		SolutionGuid = {D4693A3A-D725-41B4-A435-F617C1BB574C}
	EndGlobalSection
EndGlobal
