
Microsoft Visual Studio Solution File, Format Version 12.00
# Visual Studio Version 17
VisualStudioVersion = 17.14.36310.24 d17.14
MinimumVisualStudioVersion = 10.0.40219.1
Project("{FAE04EC0-301F-11D3-BF4B-00C04F79EFBC}") = "BackendMastery.Persistence.DataModeling.AntiPatterns", "BackendMastery.Persistence.DataModeling.AntiPatterns.csproj", "{A8EB4082-1F80-4F38-BEE8-D12BFC6ED807}"
EndProject
Global
	GlobalSection(SolutionConfigurationPlatforms) = preSolution
		Debug|Any CPU = Debug|Any CPU
		Release|Any CPU = Release|Any CPU
	EndGlobalSection
	GlobalSection(ProjectConfigurationPlatforms) = postSolution
		{A8EB4082-1F80-4F38-BEE8-D12BFC6ED807}.Debug|Any CPU.ActiveCfg = Debug|Any CPU
		{A8EB4082-1F80-4F38-BEE8-D12BFC6ED807}.Debug|Any CPU.Build.0 = Debug|Any CPU
		{A8EB4082-1F80-4F38-BEE8-D12BFC6ED807}.Release|Any CPU.ActiveCfg = Release|Any CPU
		{A8EB4082-1F80-4F38-BEE8-D12BFC6ED807}.Release|Any CPU.Build.0 = Release|Any CPU
	EndGlobalSection
	GlobalSection(SolutionProperties) = preSolution
		HideSolutionNode = FALSE
	EndGlobalSection
	GlobalSection(ExtensibilityGlobals) = postSolution
		SolutionGuid = {31BFC2D2-3667-48F6-BA76-97E07B9D8767}
	EndGlobalSection
EndGlobal
