
Microsoft Visual Studio Solution File, Format Version 12.00
# Visual Studio Version 17
VisualStudioVersion = 17.14.36310.24 d17.14
MinimumVisualStudioVersion = 10.0.40219.1
Project("{FAE04EC0-301F-11D3-BF4B-00C04F79EFBC}") = "BackendMastery.Persistence.ORM.LoadingStrategies", "BackendMastery.Persistence.ORM.LoadingStrategies.csproj", "{34277C93-DC0F-4F18-9724-95957E518F67}"
EndProject
Global
	GlobalSection(SolutionConfigurationPlatforms) = preSolution
		Debug|Any CPU = Debug|Any CPU
		Release|Any CPU = Release|Any CPU
	EndGlobalSection
	GlobalSection(ProjectConfigurationPlatforms) = postSolution
		{34277C93-DC0F-4F18-9724-95957E518F67}.Debug|Any CPU.ActiveCfg = Debug|Any CPU
		{34277C93-DC0F-4F18-9724-95957E518F67}.Debug|Any CPU.Build.0 = Debug|Any CPU
		{34277C93-DC0F-4F18-9724-95957E518F67}.Release|Any CPU.ActiveCfg = Release|Any CPU
		{34277C93-DC0F-4F18-9724-95957E518F67}.Release|Any CPU.Build.0 = Release|Any CPU
	EndGlobalSection
	GlobalSection(SolutionProperties) = preSolution
		HideSolutionNode = FALSE
	EndGlobalSection
	GlobalSection(ExtensibilityGlobals) = postSolution
		SolutionGuid = {AC89FAF2-5258-4120-8BEB-7755BC7F1224}
	EndGlobalSection
EndGlobal
