
Microsoft Visual Studio Solution File, Format Version 12.00
# Visual Studio Version 17
VisualStudioVersion = 17.14.36310.24 d17.14
MinimumVisualStudioVersion = 10.0.40219.1
Project("{FAE04EC0-301F-11D3-BF4B-00C04F79EFBC}") = "BackendMastery.ProdReadiness.EnvironmentConfiguration", "BackendMastery.ProdReadiness.EnvironmentConfiguration.csproj", "{B1C6999A-0E36-4B83-85FF-7BC0F6646447}"
EndProject
Global
	GlobalSection(SolutionConfigurationPlatforms) = preSolution
		Debug|Any CPU = Debug|Any CPU
		Release|Any CPU = Release|Any CPU
	EndGlobalSection
	GlobalSection(ProjectConfigurationPlatforms) = postSolution
		{B1C6999A-0E36-4B83-85FF-7BC0F6646447}.Debug|Any CPU.ActiveCfg = Debug|Any CPU
		{B1C6999A-0E36-4B83-85FF-7BC0F6646447}.Debug|Any CPU.Build.0 = Debug|Any CPU
		{B1C6999A-0E36-4B83-85FF-7BC0F6646447}.Release|Any CPU.ActiveCfg = Release|Any CPU
		{B1C6999A-0E36-4B83-85FF-7BC0F6646447}.Release|Any CPU.Build.0 = Release|Any CPU
	EndGlobalSection
	GlobalSection(SolutionProperties) = preSolution
		HideSolutionNode = FALSE
	EndGlobalSection
	GlobalSection(ExtensibilityGlobals) = postSolution
		SolutionGuid = {2D15B8E5-23C0-487A-A25A-93D3CE8CA21A}
	EndGlobalSection
EndGlobal
