
Microsoft Visual Studio Solution File, Format Version 12.00
# Visual Studio Version 17
VisualStudioVersion = 17.14.36310.24 d17.14
MinimumVisualStudioVersion = 10.0.40219.1
Project("{FAE04EC0-301F-11D3-BF4B-00C04F79EFBC}") = "BackendMastery.ProdReadiness.SecretsManagement", "BackendMastery.ProdReadiness.SecretsManagement.csproj", "{80509DB1-F212-4035-88FA-EDB59CB8DE67}"
EndProject
Global
	GlobalSection(SolutionConfigurationPlatforms) = preSolution
		Debug|Any CPU = Debug|Any CPU
		Release|Any CPU = Release|Any CPU
	EndGlobalSection
	GlobalSection(ProjectConfigurationPlatforms) = postSolution
		{80509DB1-F212-4035-88FA-EDB59CB8DE67}.Debug|Any CPU.ActiveCfg = Debug|Any CPU
		{80509DB1-F212-4035-88FA-EDB59CB8DE67}.Debug|Any CPU.Build.0 = Debug|Any CPU
		{80509DB1-F212-4035-88FA-EDB59CB8DE67}.Release|Any CPU.ActiveCfg = Release|Any CPU
		{80509DB1-F212-4035-88FA-EDB59CB8DE67}.Release|Any CPU.Build.0 = Release|Any CPU
	EndGlobalSection
	GlobalSection(SolutionProperties) = preSolution
		HideSolutionNode = FALSE
	EndGlobalSection
	GlobalSection(ExtensibilityGlobals) = postSolution
		SolutionGuid = {6130FFF4-47E0-4DEB-9997-0BBB09088F5C}
	EndGlobalSection
EndGlobal
