
Microsoft Visual Studio Solution File, Format Version 12.00
# Visual Studio Version 17
VisualStudioVersion = 17.14.36310.24 d17.14
MinimumVisualStudioVersion = 10.0.40219.1
Project("{FAE04EC0-301F-11D3-BF4B-00C04F79EFBC}") = "BackendMastery.CoreAPI.CRUDBasics.Database", "src\BackendMastery.CoreAPI.CRUDBasics.Database\BackendMastery.CoreAPI.CRUDBasics.Database.csproj", "{FC69E1CC-65D8-49E3-853C-7068E358F740}"
EndProject
Global
	GlobalSection(SolutionConfigurationPlatforms) = preSolution
		Debug|Any CPU = Debug|Any CPU
		Release|Any CPU = Release|Any CPU
	EndGlobalSection
	GlobalSection(ProjectConfigurationPlatforms) = postSolution
		{FC69E1CC-65D8-49E3-853C-7068E358F740}.Debug|Any CPU.ActiveCfg = Debug|Any CPU
		{FC69E1CC-65D8-49E3-853C-7068E358F740}.Debug|Any CPU.Build.0 = Debug|Any CPU
		{FC69E1CC-65D8-49E3-853C-7068E358F740}.Release|Any CPU.ActiveCfg = Release|Any CPU
		{FC69E1CC-65D8-49E3-853C-7068E358F740}.Release|Any CPU.Build.0 = Release|Any CPU
	EndGlobalSection
	GlobalSection(SolutionProperties) = preSolution
		HideSolutionNode = FALSE
	EndGlobalSection
	GlobalSection(ExtensibilityGlobals) = postSolution
		SolutionGuid = {D160B14E-2DE9-4E95-8C66-38C6389E511D}
	EndGlobalSection
EndGlobal