
Microsoft Visual Studio Solution File, Format Version 12.00
# Visual Studio Version 17
VisualStudioVersion = 17.14.36310.24 d17.14
MinimumVisualStudioVersion = 10.0.40219.1
Project("{FAE04EC0-301F-11D3-BF4B-00C04F79EFBC}") = "BackendMastery.Persistence.DataModeling.EntityIdentity", "BackendMastery.Persistence.DataModeling.EntityIdentity.csproj", "{EBDC8D95-CEC5-4DD0-910D-4DA0879B555E}"
EndProject
Global
	GlobalSection(SolutionConfigurationPlatforms) = preSolution
		Debug|Any CPU = Debug|Any CPU
		Release|Any CPU = Release|Any CPU
	EndGlobalSection
	GlobalSection(ProjectConfigurationPlatforms) = postSolution
		{EBDC8D95-CEC5-4DD0-910D-4DA0879B555E}.Debug|Any CPU.ActiveCfg = Debug|Any CPU
		{EBDC8D95-CEC5-4DD0-910D-4DA0879B555E}.Debug|Any CPU.Build.0 = Debug|Any CPU
		{EBDC8D95-CEC5-4DD0-910D-4DA0879B555E}.Release|Any CPU.ActiveCfg = Release|Any CPU
		{EBDC8D95-CEC5-4DD0-910D-4DA0879B555E}.Release|Any CPU.Build.0 = Release|Any CPU
	EndGlobalSection
	GlobalSection(SolutionProperties) = preSolution
		HideSolutionNode = FALSE
	EndGlobalSection
	GlobalSection(ExtensibilityGlobals) = postSolution
		SolutionGuid = {3500096F-FA03-4475-8E4B-9B24234AAF99}
	EndGlobalSection
EndGlobal
